// !$*UTF8*$!
{
	archiveVersion = 1;
	classes = {
	};
	objectVersion = 77;
	objects = {

/* Begin PBXBuildFile section */
		493345CE2FEB60F60015235F /* GoogleMobileAds in Frameworks */ = {isa = PBXBuildFile; productRef = 493345CD2FEB60F60015235F /* GoogleMobileAds */; };
		4944EC2F2FDC305500F49AF7 /* AmplitudeSwift in Frameworks */ = {isa = PBXBuildFile; productRef = 4944EC2E2FDC305500F49AF7 /* AmplitudeSwift */; };
		499266BD2F44825A001C8119 /* KakaoSDKAuth in Frameworks */ = {isa = PBXBuildFile; productRef = 499266BC2F44825A001C8119 /* KakaoSDKAuth */; };
		499266BF2F44825A001C8119 /* KakaoSDKCommon in Frameworks */ = {isa = PBXBuildFile; productRef = 499266BE2F44825A001C8119 /* KakaoSDKCommon */; };
		499266C12F44825A001C8119 /* KakaoSDKUser in Frameworks */ = {isa = PBXBuildFile; productRef = 499266C02F44825A001C8119 /* KakaoSDKUser */; };
		9B2EAC562E5B463B0068BB1B /* WidgetKit.framework in Frameworks */ = {isa = PBXBuildFile; fileRef = 9B2EAC552E5B463B0068BB1B /* WidgetKit.framework */; };
		9B2EAC582E5B463B0068BB1B /* SwiftUI.framework in Frameworks */ = {isa = PBXBuildFile; fileRef = 9B2EAC572E5B463B0068BB1B /* SwiftUI.framework */; };
		9B2EAC652E5B463C0068BB1B /* TimetableWidgetExtension.appex in Embed Foundation Extensions */ = {isa = PBXBuildFile; fileRef = 9B2EAC532E5B463B0068BB1B /* TimetableWidgetExtension.appex */; settings = {ATTRIBUTES = (RemoveHeadersOnCopy, ); }; };
		9B49E59B2DEF0C7300F3EF63 /* FirebaseAnalyticsWithoutAdIdSupport in Frameworks */ = {isa = PBXBuildFile; productRef = 9B49E59A2DEF0C7300F3EF63 /* FirebaseAnalyticsWithoutAdIdSupport */; };
		9B49E59D2DEF0C7300F3EF63 /* FirebaseCrashlytics in Frameworks */ = {isa = PBXBuildFile; productRef = 9B49E59C2DEF0C7300F3EF63 /* FirebaseCrashlytics */; };
		9BBB8DC42DE8BBBF00DB2EE0 /* FirebaseAnalytics in Frameworks */ = {isa = PBXBuildFile; productRef = 9BBB8DC32DE8BBBF00DB2EE0 /* FirebaseAnalytics */; };
		9BBB8DC62DE8BBBF00DB2EE0 /* FirebaseDatabase in Frameworks */ = {isa = PBXBuildFile; productRef = 9BBB8DC52DE8BBBF00DB2EE0 /* FirebaseDatabase */; };
/* End PBXBuildFile section */

/* Begin PBXContainerItemProxy section */
		9B2EAC632E5B463C0068BB1B /* PBXContainerItemProxy */ = {
			isa = PBXContainerItemProxy;
			containerPortal = B9DA97A92DC1472C00A4DA20 /* Project object */;
			proxyType = 1;
			remoteGlobalIDString = 9B2EAC522E5B463B0068BB1B;
			remoteInfo = TimetableWidgetExtension;
		};
/* End PBXContainerItemProxy section */

/* Begin PBXCopyFilesBuildPhase section */
		9B2EAC662E5B463C0068BB1B /* Embed Foundation Extensions */ = {
			isa = PBXCopyFilesBuildPhase;
			buildActionMask = 2147483647;
			dstPath = "";
			dstSubfolderSpec = 13;
			files = (
				9B2EAC652E5B463C0068BB1B /* TimetableWidgetExtension.appex in Embed Foundation Extensions */,
			);
			name = "Embed Foundation Extensions";
			runOnlyForDeploymentPostprocessing = 0;
		};
/* End PBXCopyFilesBuildPhase section */

/* Begin PBXFileReference section */
		9B2EAC532E5B463B0068BB1B /* TimetableWidgetExtension.appex */ = {isa = PBXFileReference; explicitFileType = "wrapper.app-extension"; includeInIndex = 0; path = TimetableWidgetExtension.appex; sourceTree = BUILT_PRODUCTS_DIR; };
		9B2EAC552E5B463B0068BB1B /* WidgetKit.framework */ = {isa = PBXFileReference; lastKnownFileType = wrapper.framework; name = WidgetKit.framework; path = System/Library/Frameworks/WidgetKit.framework; sourceTree = SDKROOT; };
		9B2EAC572E5B463B0068BB1B /* SwiftUI.framework */ = {isa = PBXFileReference; lastKnownFileType = wrapper.framework; name = SwiftUI.framework; path = System/Library/Frameworks/SwiftUI.framework; sourceTree = SDKROOT; };
		9BE245272E6C07DF0048F463 /* TimetableWidgetExtension.entitlements */ = {isa = PBXFileReference; lastKnownFileType = text.plist.entitlements; path = TimetableWidgetExtension.entitlements; sourceTree = "<group>"; };
		B9DA97B12DC1472C00A4DA20 /* ChukChukHaksa.app */ = {isa = PBXFileReference; explicitFileType = wrapper.application; includeInIndex = 0; path = ChukChukHaksa.app; sourceTree = BUILT_PRODUCTS_DIR; };
/* End PBXFileReference section */

/* Begin PBXFileSystemSynchronizedBuildFileExceptionSet section */
		9B2EAC6A2E5B463C0068BB1B /* Exceptions for "TimetableWidget" folder in "TimetableWidgetExtension" target */ = {
			isa = PBXFileSystemSynchronizedBuildFileExceptionSet;
			membershipExceptions = (
				Info.plist,
			);
			target = 9B2EAC522E5B463B0068BB1B /* TimetableWidgetExtension */;
		};
		B99700CA2DC9B8D800C7335B /* Exceptions for "iosApp" folder in "iosApp" target */ = {
			isa = PBXFileSystemSynchronizedBuildFileExceptionSet;
			membershipExceptions = (
				Info.plist,
			);
			target = B9DA97B02DC1472C00A4DA20 /* iosApp */;
		};
/* End PBXFileSystemSynchronizedBuildFileExceptionSet section */

/* Begin PBXFileSystemSynchronizedRootGroup section */
		9B2EAC592E5B463B0068BB1B /* TimetableWidget */ = {
			isa = PBXFileSystemSynchronizedRootGroup;
			exceptions = (
				9B2EAC6A2E5B463C0068BB1B /* Exceptions for "TimetableWidget" folder in "TimetableWidgetExtension" target */,
			);
			path = TimetableWidget;
			sourceTree = "<group>";
		};
		B9DA97B32DC1472C00A4DA20 /* iosApp */ = {
			isa = PBXFileSystemSynchronizedRootGroup;
			exceptions = (
				B99700CA2DC9B8D800C7335B /* Exceptions for "iosApp" folder in "iosApp" target */,
			);
			path = iosApp;
			sourceTree = "<group>";
		};
		B9DA98002DC14AA900A4DA20 /* Configuration */ = {
			isa = PBXFileSystemSynchronizedRootGroup;
			path = Configuration;
			sourceTree = "<group>";
		};
/* End PBXFileSystemSynchronizedRootGroup section */

/* Begin PBXFrameworksBuildPhase section */
		9B2EAC502E5B463B0068BB1B /* Frameworks */ = {
			isa = PBXFrameworksBuildPhase;
			buildActionMask = 2147483647;
			files = (
				9B2EAC582E5B463B0068BB1B /* SwiftUI.framework in Frameworks */,
				9B2EAC562E5B463B0068BB1B /* WidgetKit.framework in Frameworks */,
			);
			runOnlyForDeploymentPostprocessing = 0;
		};
		B9DA97AE2DC1472C00A4DA20 /* Frameworks */ = {
			isa = PBXFrameworksBuildPhase;
			buildActionMask = 2147483647;
			files = (
				4944EC2F2FDC305500F49AF7 /* AmplitudeSwift in Frameworks */,
				9BBB8DC62DE8BBBF00DB2EE0 /* FirebaseDatabase in Frameworks */,
				9B49E59D2DEF0C7300F3EF63 /* FirebaseCrashlytics in Frameworks */,
				493345CE2FEB60F60015235F /* GoogleMobileAds in Frameworks */,
				9B49E59B2DEF0C7300F3EF63 /* FirebaseAnalyticsWithoutAdIdSupport in Frameworks */,
				499266C12F44825A001C8119 /* KakaoSDKUser in Frameworks */,
				9BBB8DC42DE8BBBF00DB2EE0 /* FirebaseAnalytics in Frameworks */,
				499266BF2F44825A001C8119 /* KakaoSDKCommon in Frameworks */,
				499266BD2F44825A001C8119 /* KakaoSDKAuth in Frameworks */,
			);
			runOnlyForDeploymentPostprocessing = 0;
		};
/* End PBXFrameworksBuildPhase section */

/* Begin PBXGroup section */
		9B2EAC542E5B463B0068BB1B /* Frameworks */ = {
			isa = PBXGroup;
			children = (
				9B2EAC552E5B463B0068BB1B /* WidgetKit.framework */,
				9B2EAC572E5B463B0068BB1B /* SwiftUI.framework */,
			);
			name = Frameworks;
			sourceTree = "<group>";
		};
		B9DA97A82DC1472C00A4DA20 = {
			isa = PBXGroup;
			children = (
				9BE245272E6C07DF0048F463 /* TimetableWidgetExtension.entitlements */,
				B9DA98002DC14AA900A4DA20 /* Configuration */,
				B9DA97B32DC1472C00A4DA20 /* iosApp */,
				9B2EAC592E5B463B0068BB1B /* TimetableWidget */,
				9B2EAC542E5B463B0068BB1B /* Frameworks */,
				B9DA97B22DC1472C00A4DA20 /* Products */,
			);
			sourceTree = "<group>";
		};
		B9DA97B22DC1472C00A4DA20 /* Products */ = {
			isa = PBXGroup;
			children = (
				B9DA97B12DC1472C00A4DA20 /* ChukChukHaksa.app */,
				9B2EAC532E5B463B0068BB1B /* TimetableWidgetExtension.appex */,
			);
			name = Products;
			sourceTree = "<group>";
		};
/* End PBXGroup section */

/* Begin PBXNativeTarget section */
		9B2EAC522E5B463B0068BB1B /* TimetableWidgetExtension */ = {
			isa = PBXNativeTarget;
			buildConfigurationList = 9B2EAC692E5B463C0068BB1B /* Build configuration list for PBXNativeTarget "TimetableWidgetExtension" */;
			buildPhases = (
				9B2EAC4F2E5B463B0068BB1B /* Sources */,
				9B2EAC502E5B463B0068BB1B /* Frameworks */,
				9B2EAC512E5B463B0068BB1B /* Resources */,
			);
			buildRules = (
			);
			dependencies = (
			);
			fileSystemSynchronizedGroups = (
				9B2EAC592E5B463B0068BB1B /* TimetableWidget */,
			);
			name = TimetableWidgetExtension;
			packageProductDependencies = (
			);
			productName = TimetableWidgetExtension;
			productReference = 9B2EAC532E5B463B0068BB1B /* TimetableWidgetExtension.appex */;
			productType = "com.apple.product-type.app-extension";
		};
		B9DA97B02DC1472C00A4DA20 /* iosApp */ = {
			isa = PBXNativeTarget;
			buildConfigurationList = B9DA97BF2DC1472D00A4DA20 /* Build configuration list for PBXNativeTarget "iosApp" */;
			buildPhases = (
				B9DA97F42DC1497100A4DA20 /* Compile Kotlin Framework */,
				B9DA97AD2DC1472C00A4DA20 /* Sources */,
				B9DA97AE2DC1472C00A4DA20 /* Frameworks */,
				B9DA97AF2DC1472C00A4DA20 /* Resources */,
				9B2EAC662E5B463C0068BB1B /* Embed Foundation Extensions */,
				9B49E59E2DEF105100F3EF63 /* ShellScript */,
			);
			buildRules = (
			);
			dependencies = (
				9B2EAC642E5B463C0068BB1B /* PBXTargetDependency */,
			);
			fileSystemSynchronizedGroups = (
				B9DA97B32DC1472C00A4DA20 /* iosApp */,
			);
			name = iosApp;
			packageProductDependencies = (
				9BBB8DC32DE8BBBF00DB2EE0 /* FirebaseAnalytics */,
				9BBB8DC52DE8BBBF00DB2EE0 /* FirebaseDatabase */,
				9B49E59A2DEF0C7300F3EF63 /* FirebaseAnalyticsWithoutAdIdSupport */,
				9B49E59C2DEF0C7300F3EF63 /* FirebaseCrashlytics */,
				499266BC2F44825A001C8119 /* KakaoSDKAuth */,
				499266BE2F44825A001C8119 /* KakaoSDKCommon */,
				499266C02F44825A001C8119 /* KakaoSDKUser */,
				4944EC2E2FDC305500F49AF7 /* AmplitudeSwift */,
				493345CD2FEB60F60015235F /* GoogleMobileAds */,
			);
			productName = iosApp;
			productReference = B9DA97B12DC1472C00A4DA20 /* ChukChukHaksa.app */;
			productType = "com.apple.product-type.application";
		};
/* End PBXNativeTarget section */

/* Begin PBXProject section */
		B9DA97A92DC1472C00A4DA20 /* Project object */ = {
			isa = PBXProject;
			attributes = {
				BuildIndependentTargetsInParallel = 1;
				LastSwiftUpdateCheck = 1620;
				LastUpgradeCheck = 1620;
				TargetAttributes = {
					9B2EAC522E5B463B0068BB1B = {
						CreatedOnToolsVersion = 16.0;
					};
					B9DA97B02DC1472C00A4DA20 = {
						CreatedOnToolsVersion = 16.2;
					};
				};
			};
			buildConfigurationList = B9DA97AC2DC1472C00A4DA20 /* Build configuration list for PBXProject "iosApp" */;
			developmentRegion = en;
			hasScannedForEncodings = 0;
			knownRegions = (
				en,
				Base,
			);
			mainGroup = B9DA97A82DC1472C00A4DA20;
			minimizedProjectReferenceProxies = 1;
			packageReferences = (
				9BBB8DC22DE8BBBF00DB2EE0 /* XCRemoteSwiftPackageReference "firebase-ios-sdk" */,
				499266BB2F44825A001C8119 /* XCRemoteSwiftPackageReference "kakao-ios-sdk" */,
				4944EC2D2FDC305500F49AF7 /* XCRemoteSwiftPackageReference "Amplitude-Swift" */,
				493345CC2FEB60F60015235F /* XCRemoteSwiftPackageReference "swift-package-manager-google-mobile-ads" */,
			);
			preferredProjectObjectVersion = 77;
			productRefGroup = B9DA97B22DC1472C00A4DA20 /* Products */;
			projectDirPath = "";
			projectRoot = "";
			targets = (
				B9DA97B02DC1472C00A4DA20 /* iosApp */,
				9B2EAC522E5B463B0068BB1B /* TimetableWidgetExtension */,
			);
		};
/* End PBXProject section */

/* Begin PBXResourcesBuildPhase section */
		9B2EAC512E5B463B0068BB1B /* Resources */ = {
			isa = PBXResourcesBuildPhase;
			buildActionMask = 2147483647;
			files = (
			);
			runOnlyForDeploymentPostprocessing = 0;
		};
		B9DA97AF2DC1472C00A4DA20 /* Resources */ = {
			isa = PBXResourcesBuildPhase;
			buildActionMask = 2147483647;
			files = (
			);
			runOnlyForDeploymentPostprocessing = 0;
		};
/* End PBXResourcesBuildPhase section */

/* Begin PBXShellScriptBuildPhase section */
		9B49E59E2DEF105100F3EF63 /* ShellScript */ = {
			isa = PBXShellScriptBuildPhase;
			buildActionMask = 2147483647;
			files = (
			);
			inputFileListPaths = (
			);
			inputPaths = (
				"${DWARF_DSYM_FOLDER_PATH}/${DWARF_DSYM_FILE_NAME}",
				"${DWARF_DSYM_FOLDER_PATH}/${DWARF_DSYM_FILE_NAME}/Contents/Resources/DWARF/${PRODUCT_NAME}",
				"${DWARF_DSYM_FOLDER_PATH}/${DWARF_DSYM_FILE_NAME}/Contents/Info.plist",
				"$(TARGET_BUILD_DIR)/$(UNLOCALIZED_RESOURCES_FOLDER_PATH)/GoogleService-Info.plist",
				"$(TARGET_BUILD_DIR)/$(EXECUTABLE_PATH)",
			);
			outputFileListPaths = (
			);
			outputPaths = (
			);
			runOnlyForDeploymentPostprocessing = 0;
			shellPath = /bin/sh;
			shellScript = "# Type a script or drag a script file from your workspace to insert its path.\n\"${BUILD_DIR%/Build/*}/SourcePackages/checkouts/firebase-ios-sdk/Crashlytics/run\"\n";
		};
		B9DA97F42DC1497100A4DA20 /* Compile Kotlin Framework */ = {
			isa = PBXShellScriptBuildPhase;
			alwaysOutOfDate = 1;
			buildActionMask = 2147483647;
			files = (
			);
			inputFileListPaths = (
			);
			inputPaths = (
			);
			name = "Compile Kotlin Framework";
			outputFileListPaths = (
			);
			outputPaths = (
			);
			runOnlyForDeploymentPostprocessing = 0;
			shellPath = /bin/sh;
			shellScript = "if [ \"YES\" = \"$OVERRIDE_KOTLIN_BUILD_IDE_SUPPORTED\" ]; then\n  echo \"Skipping Gradle build task invocation due to OVERRIDE_KOTLIN_BUILD_IDE_SUPPORTED environment variable set to \\\"YES\\\"\"\n  exit 0\nfi\ncd \"$SRCROOT/..\"\n./gradlew :composeApp:embedAndSignAppleFrameworkForXcode\n";
		};
/* End PBXShellScriptBuildPhase section */

/* Begin PBXSourcesBuildPhase section */
		9B2EAC4F2E5B463B0068BB1B /* Sources */ = {
			isa = PBXSourcesBuildPhase;
			buildActionMask = 2147483647;
			files = (
			);
			runOnlyForDeploymentPostprocessing = 0;
		};
		B9DA97AD2DC1472C00A4DA20 /* Sources */ = {
			isa = PBXSourcesBuildPhase;
			buildActionMask = 2147483647;
			files = (
			);
			runOnlyForDeploymentPostprocessing = 0;
		};
/* End PBXSourcesBuildPhase section */

/* Begin PBXTargetDependency section */
		9B2EAC642E5B463C0068BB1B /* PBXTargetDependency */ = {
			isa = PBXTargetDependency;
			target = 9B2EAC522E5B463B0068BB1B /* TimetableWidgetExtension */;
			targetProxy = 9B2EAC632E5B463C0068BB1B /* PBXContainerItemProxy */;
		};
/* End PBXTargetDependency section */

/* Begin XCBuildConfiguration section */
		9B2EAC672E5B463C0068BB1B /* Debug */ = {
			isa = XCBuildConfiguration;
			baseConfigurationReferenceAnchor = B9DA98002DC14AA900A4DA20 /* Configuration */;
			baseConfigurationReferenceRelativePath = Config.xcconfig;
			buildSettings = {
				ASSETCATALOG_COMPILER_GLOBAL_ACCENT_COLOR_NAME = AccentColor;
				ASSETCATALOG_COMPILER_WIDGET_BACKGROUND_COLOR_NAME = WidgetBackground;
				CODE_SIGN_ENTITLEMENTS = TimetableWidgetExtension.entitlements;
				CODE_SIGN_IDENTITY = "Apple Development";
				CODE_SIGN_STYLE = Automatic;
				CURRENT_PROJECT_VERSION = 6;
				DEBUG_INFORMATION_FORMAT = dwarf;
				DEVELOPMENT_TEAM = 2733AMRJU9;
				ENABLE_USER_SCRIPT_SANDBOXING = YES;
				GENERATE_INFOPLIST_FILE = YES;
				INFOPLIST_FILE = TimetableWidget/Info.plist;
				INFOPLIST_KEY_CFBundleDisplayName = TimetableWidget;
				INFOPLIST_KEY_NSHumanReadableCopyright = "";
				IPHONEOS_DEPLOYMENT_TARGET = 16.6;
				LD_RUNPATH_SEARCH_PATHS = (
					"$(inherited)",
					"@executable_path/Frameworks",
					"@executable_path/../../Frameworks",
				);
				MARKETING_VERSION = 3.2.3;
				PRODUCT_BUNDLE_IDENTIFIER = "com.chukchukhaksa.moblie.ChukChukHaksa$(TEAM_ID).TimetableWidget";
				PRODUCT_NAME = "$(TARGET_NAME)";
				PROVISIONING_PROFILE_SPECIFIER = "";
				SKIP_INSTALL = YES;
				SUPPORTED_PLATFORMS = "iphoneos iphonesimulator";
				SUPPORTS_MACCATALYST = NO;
				SUPPORTS_MAC_DESIGNED_FOR_IPHONE_IPAD = NO;
				SUPPORTS_XR_DESIGNED_FOR_IPHONE_IPAD = NO;
				SWIFT_EMIT_LOC_STRINGS = YES;
				SWIFT_VERSION = 5.0;
				TARGETED_DEVICE_FAMILY = 1;
			};
			name = Debug;
		};
		9B2EAC682E5B463C0068BB1B /* Release */ = {
			isa = XCBuildConfiguration;
			baseConfigurationReferenceAnchor = B9DA98002DC14AA900A4DA20 /* Configuration */;
			baseConfigurationReferenceRelativePath = Config.xcconfig;
			buildSettings = {
				ASSETCATALOG_COMPILER_GLOBAL_ACCENT_COLOR_NAME = AccentColor;
				ASSETCATALOG_COMPILER_WIDGET_BACKGROUND_COLOR_NAME = WidgetBackground;
				CODE_SIGN_ENTITLEMENTS = TimetableWidgetExtension.entitlements;
				CODE_SIGN_IDENTITY = "Apple Development";
				CODE_SIGN_STYLE = Automatic;
				CURRENT_PROJECT_VERSION = 6;
				DEVELOPMENT_TEAM = 2733AMRJU9;
				ENABLE_USER_SCRIPT_SANDBOXING = YES;
				GENERATE_INFOPLIST_FILE = YES;
				INFOPLIST_FILE = TimetableWidget/Info.plist;
				INFOPLIST_KEY_CFBundleDisplayName = TimetableWidget;
				INFOPLIST_KEY_NSHumanReadableCopyright = "";
				IPHONEOS_DEPLOYMENT_TARGET = 16.6;
				LD_RUNPATH_SEARCH_PATHS = (
					"$(inherited)",
					"@executable_path/Frameworks",
					"@executable_path/../../Frameworks",
				);
				MARKETING_VERSION = 3.2.3;
				PRODUCT_BUNDLE_IDENTIFIER = "com.chukchukhaksa.moblie.ChukChukHaksa$(TEAM_ID).TimetableWidget";
				PRODUCT_NAME = "$(TARGET_NAME)";
				PROVISIONING_PROFILE_SPECIFIER = "";
				SKIP_INSTALL = YES;
				SUPPORTED_PLATFORMS = "iphoneos iphonesimulator";
				SUPPORTS_MACCATALYST = NO;
				SUPPORTS_MAC_DESIGNED_FOR_IPHONE_IPAD = NO;
				SUPPORTS_XR_DESIGNED_FOR_IPHONE_IPAD = NO;
				SWIFT_EMIT_LOC_STRINGS = YES;
				SWIFT_VERSION = 5.0;
				TARGETED_DEVICE_FAMILY = 1;
			};
			name = Release;
		};
		B9DA97BD2DC1472D00A4DA20 /* Debug */ = {
			isa = XCBuildConfiguration;
			buildSettings = {
				ALWAYS_SEARCH_USER_PATHS = NO;
				ASSETCATALOG_COMPILER_GENERATE_SWIFT_ASSET_SYMBOL_EXTENSIONS = YES;
				CLANG_ANALYZER_NONNULL = YES;
				CLANG_ANALYZER_NUMBER_OBJECT_CONVERSION = YES_AGGRESSIVE;
				CLANG_CXX_LANGUAGE_STANDARD = "gnu++20";
				CLANG_ENABLE_MODULES = YES;
				CLANG_ENABLE_OBJC_ARC = YES;
				CLANG_ENABLE_OBJC_WEAK = YES;
				CLANG_WARN_BLOCK_CAPTURE_AUTORELEASING = YES;
				CLANG_WARN_BOOL_CONVERSION = YES;
				CLANG_WARN_COMMA = YES;
				CLANG_WARN_CONSTANT_CONVERSION = YES;
				CLANG_WARN_DEPRECATED_OBJC_IMPLEMENTATIONS = YES;
				CLANG_WARN_DIRECT_OBJC_ISA_USAGE = YES_ERROR;
				CLANG_WARN_DOCUMENTATION_COMMENTS = YES;
				CLANG_WARN_EMPTY_BODY = YES;
				CLANG_WARN_ENUM_CONVERSION = YES;
				CLANG_WARN_INFINITE_RECURSION = YES;
				CLANG_WARN_INT_CONVERSION = YES;
				CLANG_WARN_NON_LITERAL_NULL_CONVERSION = YES;
				CLANG_WARN_OBJC_IMPLICIT_RETAIN_SELF = YES;
				CLANG_WARN_OBJC_LITERAL_CONVERSION = YES;
				CLANG_WARN_OBJC_ROOT_CLASS = YES_ERROR;
				CLANG_WARN_QUOTED_INCLUDE_IN_FRAMEWORK_HEADER = YES;
				CLANG_WARN_RANGE_LOOP_ANALYSIS = YES;
				CLANG_WARN_STRICT_PROTOTYPES = YES;
				CLANG_WARN_SUSPICIOUS_MOVE = YES;
				CLANG_WARN_UNGUARDED_AVAILABILITY = YES_AGGRESSIVE;
				CLANG_WARN_UNREACHABLE_CODE = YES;
				CLANG_WARN__DUPLICATE_METHOD_MATCH = YES;
				COPY_PHASE_STRIP = NO;
				DEBUG_INFORMATION_FORMAT = "dwarf-with-dsym";
				ENABLE_STRICT_OBJC_MSGSEND = YES;
				ENABLE_TESTABILITY = YES;
				ENABLE_USER_SCRIPT_SANDBOXING = NO;
				GCC_C_LANGUAGE_STANDARD = gnu17;
				GCC_DYNAMIC_NO_PIC = NO;
				GCC_NO_COMMON_BLOCKS = YES;
				GCC_OPTIMIZATION_LEVEL = 0;
				GCC_PREPROCESSOR_DEFINITIONS = (
					"DEBUG=1",
					"$(inherited)",
				);
				GCC_WARN_64_TO_32_BIT_CONVERSION = YES;
				GCC_WARN_ABOUT_RETURN_TYPE = YES_ERROR;
				GCC_WARN_UNDECLARED_SELECTOR = YES;
				GCC_WARN_UNINITIALIZED_AUTOS = YES_AGGRESSIVE;
				GCC_WARN_UNUSED_FUNCTION = YES;
				GCC_WARN_UNUSED_VARIABLE = YES;
				IPHONEOS_DEPLOYMENT_TARGET = 18.2;
				LOCALIZATION_PREFERS_STRING_CATALOGS = YES;
				MTL_ENABLE_DEBUG_INFO = INCLUDE_SOURCE;
				MTL_FAST_MATH = YES;
				ONLY_ACTIVE_ARCH = YES;
				SDKROOT = iphoneos;
				SWIFT_ACTIVE_COMPILATION_CONDITIONS = "DEBUG $(inherited)";
				SWIFT_OPTIMIZATION_LEVEL = "-Onone";
			};
			name = Debug;
		};
		B9DA97BE2DC1472D00A4DA20 /* Release */ = {
			isa = XCBuildConfiguration;
			buildSettings = {
				ALWAYS_SEARCH_USER_PATHS = NO;
				ASSETCATALOG_COMPILER_GENERATE_SWIFT_ASSET_SYMBOL_EXTENSIONS = YES;
				CLANG_ANALYZER_NONNULL = YES;
				CLANG_ANALYZER_NUMBER_OBJECT_CONVERSION = YES_AGGRESSIVE;
				CLANG_CXX_LANGUAGE_STANDARD = "gnu++20";
				CLANG_ENABLE_MODULES = YES;
				CLANG_ENABLE_OBJC_ARC = YES;
				CLANG_ENABLE_OBJC_WEAK = YES;
				CLANG_WARN_BLOCK_CAPTURE_AUTORELEASING = YES;
				CLANG_WARN_BOOL_CONVERSION = YES;
				CLANG_WARN_COMMA = YES;
				CLANG_WARN_CONSTANT_CONVERSION = YES;
				CLANG_WARN_DEPRECATED_OBJC_IMPLEMENTATIONS = YES;
				CLANG_WARN_DIRECT_OBJC_ISA_USAGE = YES_ERROR;
				CLANG_WARN_DOCUMENTATION_COMMENTS = YES;
				CLANG_WARN_EMPTY_BODY = YES;
				CLANG_WARN_ENUM_CONVERSION = YES;
				CLANG_WARN_INFINITE_RECURSION = YES;
				CLANG_WARN_INT_CONVERSION = YES;
				CLANG_WARN_NON_LITERAL_NULL_CONVERSION = YES;
				CLANG_WARN_OBJC_IMPLICIT_RETAIN_SELF = YES;
				CLANG_WARN_OBJC_LITERAL_CONVERSION = YES;
				CLANG_WARN_OBJC_ROOT_CLASS = YES_ERROR;
				CLANG_WARN_QUOTED_INCLUDE_IN_FRAMEWORK_HEADER = YES;
				CLANG_WARN_RANGE_LOOP_ANALYSIS = YES;
				CLANG_WARN_STRICT_PROTOTYPES = YES;
				CLANG_WARN_SUSPICIOUS_MOVE = YES;
				CLANG_WARN_UNGUARDED_AVAILABILITY = YES_AGGRESSIVE;
				CLANG_WARN_UNREACHABLE_CODE = YES;
				CLANG_WARN__DUPLICATE_METHOD_MATCH = YES;
				COPY_PHASE_STRIP = NO;
				DEBUG_INFORMATION_FORMAT = "dwarf-with-dsym";
				ENABLE_NS_ASSERTIONS = NO;
				ENABLE_STRICT_OBJC_MSGSEND = YES;
				ENABLE_USER_SCRIPT_SANDBOXING = NO;
				GCC_C_LANGUAGE_STANDARD = gnu17;
				GCC_NO_COMMON_BLOCKS = YES;
				GCC_WARN_64_TO_32_BIT_CONVERSION = YES;
				GCC_WARN_ABOUT_RETURN_TYPE = YES_ERROR;
				GCC_WARN_UNDECLARED_SELECTOR = YES;
				GCC_WARN_UNINITIALIZED_AUTOS = YES_AGGRESSIVE;
				GCC_WARN_UNUSED_FUNCTION = YES;
				GCC_WARN_UNUSED_VARIABLE = YES;
				IPHONEOS_DEPLOYMENT_TARGET = 18.2;
				LOCALIZATION_PREFERS_STRING_CATALOGS = YES;
				MTL_ENABLE_DEBUG_INFO = NO;
				MTL_FAST_MATH = YES;
				SDKROOT = iphoneos;
				SWIFT_COMPILATION_MODE = wholemodule;
				VALIDATE_PRODUCT = YES;
			};
			name = Release;
		};
		B9DA97C02DC1472D00A4DA20 /* Debug */ = {
			isa = XCBuildConfiguration;
			baseConfigurationReferenceAnchor = B9DA98002DC14AA900A4DA20 /* Configuration */;
			baseConfigurationReferenceRelativePath = Config.xcconfig;
			buildSettings = {
				ASSETCATALOG_COMPILER_APPICON_NAME = AppIcon;
				ASSETCATALOG_COMPILER_GLOBAL_ACCENT_COLOR_NAME = AccentColor;
				CODE_SIGN_ENTITLEMENTS = iosApp/iosApp.entitlements;
				CODE_SIGN_IDENTITY = "Apple Development";
				CODE_SIGN_STYLE = Automatic;
				CURRENT_PROJECT_VERSION = 6;
				DEBUG_INFORMATION_FORMAT = "dwarf-with-dsym";
				DEVELOPMENT_ASSET_PATHS = "\"iosApp/Preview Content\"";
				DEVELOPMENT_TEAM = 2733AMRJU9;
				ENABLE_PREVIEWS = YES;
				FRAMEWORK_SEARCH_PATHS = (
					"$(inherited)",
					"$(SRCROOT)/../shared/build/xcode-frameworks/$(CONFIGURATION)/$(SDK_NAME)\n$(SRCROOT)/../composeApp/build/xcode-frameworks/$(CONFIGURATION)/$(SDK_NAME)",
				);
				GENERATE_INFOPLIST_FILE = YES;
				INFOPLIST_FILE = iosApp/Info.plist;
				INFOPLIST_KEY_CFBundleDisplayName = "척척학사";
				INFOPLIST_KEY_LSApplicationCategoryType = "public.app-category.education";
				INFOPLIST_KEY_UIApplicationSceneManifest_Generation = YES;
				INFOPLIST_KEY_UIApplicationSupportsIndirectInputEvents = YES;
				INFOPLIST_KEY_UILaunchScreen_Generation = YES;
				INFOPLIST_KEY_UISupportedInterfaceOrientations = UIInterfaceOrientationPortrait;
				IPHONEOS_DEPLOYMENT_TARGET = 16.6;
				LD_RUNPATH_SEARCH_PATHS = (
					"$(inherited)",
					"@executable_path/Frameworks",
				);
				MARKETING_VERSION = 3.2.3;
				SUPPORTED_PLATFORMS = "iphoneos iphonesimulator";
				SUPPORTS_MACCATALYST = NO;
				SUPPORTS_MAC_DESIGNED_FOR_IPHONE_IPAD = NO;
				SUPPORTS_XR_DESIGNED_FOR_IPHONE_IPAD = NO;
				SWIFT_EMIT_LOC_STRINGS = YES;
				SWIFT_VERSION = 5.0;
				TARGETED_DEVICE_FAMILY = 1;
			};
			name = Debug;
		};
		B9DA97C12DC1472D00A4DA20 /* Release */ = {
			isa = XCBuildConfiguration;
			baseConfigurationReferenceAnchor = B9DA98002DC14AA900A4DA20 /* Configuration */;
			baseConfigurationReferenceRelativePath = Config.xcconfig;
			buildSettings = {
				ASSETCATALOG_COMPILER_APPICON_NAME = AppIcon;
				ASSETCATALOG_COMPILER_GLOBAL_ACCENT_COLOR_NAME = AccentColor;
				CODE_SIGN_ENTITLEMENTS = iosApp/iosApp.entitlements;
				CODE_SIGN_IDENTITY = "Apple Development";
				CODE_SIGN_STYLE = Automatic;
				CURRENT_PROJECT_VERSION = 6;
				DEVELOPMENT_ASSET_PATHS = "\"iosApp/Preview Content\"";
				DEVELOPMENT_TEAM = 2733AMRJU9;
				ENABLE_PREVIEWS = YES;
				FRAMEWORK_SEARCH_PATHS = (
					"$(inherited)",
					"$(SRCROOT)/../shared/build/xcode-frameworks/$(CONFIGURATION)/$(SDK_NAME)\n$(SRCROOT)/../composeApp/build/xcode-frameworks/$(CONFIGURATION)/$(SDK_NAME)",
				);
				GENERATE_INFOPLIST_FILE = YES;
				INFOPLIST_FILE = iosApp/Info.plist;
				INFOPLIST_KEY_CFBundleDisplayName = "척척학사";
				INFOPLIST_KEY_LSApplicationCategoryType = "public.app-category.education";
				INFOPLIST_KEY_UIApplicationSceneManifest_Generation = YES;
				INFOPLIST_KEY_UIApplicationSupportsIndirectInputEvents = YES;
				INFOPLIST_KEY_UILaunchScreen_Generation = YES;
				INFOPLIST_KEY_UISupportedInterfaceOrientations = UIInterfaceOrientationPortrait;
				IPHONEOS_DEPLOYMENT_TARGET = 16.6;
				LD_RUNPATH_SEARCH_PATHS = (
					"$(inherited)",
					"@executable_path/Frameworks",
				);
				MARKETING_VERSION = 3.2.3;
				SUPPORTED_PLATFORMS = "iphoneos iphonesimulator";
				SUPPORTS_MACCATALYST = NO;
				SUPPORTS_MAC_DESIGNED_FOR_IPHONE_IPAD = NO;
				SUPPORTS_XR_DESIGNED_FOR_IPHONE_IPAD = NO;
				SWIFT_EMIT_LOC_STRINGS = YES;
				SWIFT_VERSION = 5.0;
				TARGETED_DEVICE_FAMILY = 1;
			};
			name = Release;
		};
/* End XCBuildConfiguration section */

/* Begin XCConfigurationList section */
		9B2EAC692E5B463C0068BB1B /* Build configuration list for PBXNativeTarget "TimetableWidgetExtension" */ = {
			isa = XCConfigurationList;
			buildConfigurations = (
				9B2EAC672E5B463C0068BB1B /* Debug */,
				9B2EAC682E5B463C0068BB1B /* Release */,
			);
			defaultConfigurationIsVisible = 0;
			defaultConfigurationName = Release;
		};
		B9DA97AC2DC1472C00A4DA20 /* Build configuration list for PBXProject "iosApp" */ = {
			isa = XCConfigurationList;
			buildConfigurations = (
				B9DA97BD2DC1472D00A4DA20 /* Debug */,
				B9DA97BE2DC1472D00A4DA20 /* Release */,
			);
			defaultConfigurationIsVisible = 0;
			defaultConfigurationName = Release;
		};
		B9DA97BF2DC1472D00A4DA20 /* Build configuration list for PBXNativeTarget "iosApp" */ = {
			isa = XCConfigurationList;
			buildConfigurations = (
				B9DA97C02DC1472D00A4DA20 /* Debug */,
				B9DA97C12DC1472D00A4DA20 /* Release */,
			);
			defaultConfigurationIsVisible = 0;
			defaultConfigurationName = Release;
		};
/* End XCConfigurationList section */

/* Begin XCRemoteSwiftPackageReference section */
		493345CC2FEB60F60015235F /* XCRemoteSwiftPackageReference "swift-package-manager-google-mobile-ads" */ = {
			isa = XCRemoteSwiftPackageReference;
			repositoryURL = "https://github.com/googleads/swift-package-manager-google-mobile-ads";
			requirement = {
				kind = upToNextMajorVersion;
				minimumVersion = 13.5.0;
			};
		};
		4944EC2D2FDC305500F49AF7 /* XCRemoteSwiftPackageReference "Amplitude-Swift" */ = {
			isa = XCRemoteSwiftPackageReference;
			repositoryURL = "https://github.com/amplitude/Amplitude-Swift";
			requirement = {
				branch = main;
				kind = branch;
			};
		};
		499266BB2F44825A001C8119 /* XCRemoteSwiftPackageReference "kakao-ios-sdk" */ = {
			isa = XCRemoteSwiftPackageReference;
			repositoryURL = "https://github.com/kakao/kakao-ios-sdk";
			requirement = {
				kind = upToNextMajorVersion;
				minimumVersion = 2.27.2;
			};
		};
		9BBB8DC22DE8BBBF00DB2EE0 /* XCRemoteSwiftPackageReference "firebase-ios-sdk" */ = {
			isa = XCRemoteSwiftPackageReference;
			repositoryURL = "https://github.com/firebase/firebase-ios-sdk";
			requirement = {
				kind = upToNextMajorVersion;
				minimumVersion = 11.13.0;
			};
		};
/* End XCRemoteSwiftPackageReference section */

/* Begin XCSwiftPackageProductDependency section */
		493345CD2FEB60F60015235F /* GoogleMobileAds */ = {
			isa = XCSwiftPackageProductDependency;
			package = 493345CC2FEB60F60015235F /* XCRemoteSwiftPackageReference "swift-package-manager-google-mobile-ads" */;
			productName = GoogleMobileAds;
		};
		4944EC2E2FDC305500F49AF7 /* AmplitudeSwift */ = {
			isa = XCSwiftPackageProductDependency;
			package = 4944EC2D2FDC305500F49AF7 /* XCRemoteSwiftPackageReference "Amplitude-Swift" */;
			productName = AmplitudeSwift;
		};
		499266BC2F44825A001C8119 /* KakaoSDKAuth */ = {
			isa = XCSwiftPackageProductDependency;
			package = 499266BB2F44825A001C8119 /* XCRemoteSwiftPackageReference "kakao-ios-sdk" */;
			productName = KakaoSDKAuth;
		};
		499266BE2F44825A001C8119 /* KakaoSDKCommon */ = {
			isa = XCSwiftPackageProductDependency;
			package = 499266BB2F44825A001C8119 /* XCRemoteSwiftPackageReference "kakao-ios-sdk" */;
			productName = KakaoSDKCommon;
		};
		499266C02F44825A001C8119 /* KakaoSDKUser */ = {
			isa = XCSwiftPackageProductDependency;
			package = 499266BB2F44825A001C8119 /* XCRemoteSwiftPackageReference "kakao-ios-sdk" */;
			productName = KakaoSDKUser;
		};
		9B49E59A2DEF0C7300F3EF63 /* FirebaseAnalyticsWithoutAdIdSupport */ = {
			isa = XCSwiftPackageProductDependency;
			package = 9BBB8DC22DE8BBBF00DB2EE0 /* XCRemoteSwiftPackageReference "firebase-ios-sdk" */;
			productName = FirebaseAnalyticsWithoutAdIdSupport;
		};
		9B49E59C2DEF0C7300F3EF63 /* FirebaseCrashlytics */ = {
			isa = XCSwiftPackageProductDependency;
			package = 9BBB8DC22DE8BBBF00DB2EE0 /* XCRemoteSwiftPackageReference "firebase-ios-sdk" */;
			productName = FirebaseCrashlytics;
		};
		9BBB8DC32DE8BBBF00DB2EE0 /* FirebaseAnalytics */ = {
			isa = XCSwiftPackageProductDependency;
			package = 9BBB8DC22DE8BBBF00DB2EE0 /* XCRemoteSwiftPackageReference "firebase-ios-sdk" */;
			productName = FirebaseAnalytics;
		};
		9BBB8DC52DE8BBBF00DB2EE0 /* FirebaseDatabase */ = {
			isa = XCSwiftPackageProductDependency;
			package = 9BBB8DC22DE8BBBF00DB2EE0 /* XCRemoteSwiftPackageReference "firebase-ios-sdk" */;
			productName = FirebaseDatabase;
		};
/* End XCSwiftPackageProductDependency section */
	};
	rootObject = B9DA97A92DC1472C00A4DA20 /* Project object */;
}
